// !$*UTF8*$!
{
	archiveVersion = 1;
	classes = {
	};
	objectVersion = 56;
	objects = {

/* Begin PBXBuildFile section */
		D91E1A1F29324954009D214E /* LoginView.swift in Sources */ = {isa = PBXBuildFile; fileRef = D91E1A1E29324954009D214E /* LoginView.swift */; };
		D91E1A2129324960009D214E /* RegistrationView.swift in Sources */ = {isa = PBXBuildFile; fileRef = D91E1A2029324960009D214E /* RegistrationView.swift */; };
		D91E1A2329324C97009D214E /* RoundedShape.swift in Sources */ = {isa = PBXBuildFile; fileRef = D91E1A2229324C97009D214E /* RoundedShape.swift */; };
		D91E1A25293267B9009D214E /* CustomInputField.swift in Sources */ = {isa = PBXBuildFile; fileRef = D91E1A24293267B9009D214E /* CustomInputField.swift */; };
		D92E5FC12933BB6700ADF279 /* ProfilePhotoSelectorView.swift in Sources */ = {isa = PBXBuildFile; fileRef = D92E5FC02933BB6700ADF279 /* ProfilePhotoSelectorView.swift */; };
		D92E5FC42933D36700ADF279 /* ImagePicker.swift in Sources */ = {isa = PBXBuildFile; fileRef = D92E5FC32933D36700ADF279 /* ImagePicker.swift */; };
		D93B94EE292C06EA00E14AEE /* Hugo_s_TwitterApp.swift in Sources */ = {isa = PBXBuildFile; fileRef = D93B94ED292C06EA00E14AEE /* Hugo_s_TwitterApp.swift */; };
		D93B94F0292C06EA00E14AEE /* ContentView.swift in Sources */ = {isa = PBXBuildFile; fileRef = D93B94EF292C06EA00E14AEE /* ContentView.swift */; };
		D93B94F2292C06EA00E14AEE /* Assets.xcassets in Resources */ = {isa = PBXBuildFile; fileRef = D93B94F1292C06EA00E14AEE /* Assets.xcassets */; };
		D93B94F5292C06EA00E14AEE /* Preview Assets.xcassets in Resources */ = {isa = PBXBuildFile; fileRef = D93B94F4292C06EA00E14AEE /* Preview Assets.xcassets */; };
		D93B9505292C095900E14AEE /* FeedView.swift in Sources */ = {isa = PBXBuildFile; fileRef = D93B9504292C095900E14AEE /* FeedView.swift */; };
		D93B9508292C0CED00E14AEE /* TweetRowView.swift in Sources */ = {isa = PBXBuildFile; fileRef = D93B9507292C0CED00E14AEE /* TweetRowView.swift */; };
		D989886629317E5B009A23FB /* TweetFilterViewModel.swift in Sources */ = {isa = PBXBuildFile; fileRef = D989886529317E5B009A23FB /* TweetFilterViewModel.swift */; };
		D989886D29318DFF009A23FB /* UserRowView.swift in Sources */ = {isa = PBXBuildFile; fileRef = D989886C29318DFF009A23FB /* UserRowView.swift */; };
		D98988722931937D009A23FB /* SideMenuView.swift in Sources */ = {isa = PBXBuildFile; fileRef = D98988712931937C009A23FB /* SideMenuView.swift */; };
		D989887429319389009A23FB /* SideMenuRowView.swift in Sources */ = {isa = PBXBuildFile; fileRef = D989887329319389009A23FB /* SideMenuRowView.swift */; };
		D9898876293193B6009A23FB /* SideMenuViewModel.swift in Sources */ = {isa = PBXBuildFile; fileRef = D9898875293193B6009A23FB /* SideMenuViewModel.swift */; };
		D9898879293196E5009A23FB /* UserStatsView.swift in Sources */ = {isa = PBXBuildFile; fileRef = D9898878293196E5009A23FB /* UserStatsView.swift */; };
		D989887B2931A0CE009A23FB /* SideMenuOptionRowView.swift in Sources */ = {isa = PBXBuildFile; fileRef = D989887A2931A0CE009A23FB /* SideMenuOptionRowView.swift */; };
		D9D739F8292F667B0054D3BE /* MainTabView.swift in Sources */ = {isa = PBXBuildFile; fileRef = D9D739F7292F667B0054D3BE /* MainTabView.swift */; };
		D9D739FE292F6A950054D3BE /* ExploreView.swift in Sources */ = {isa = PBXBuildFile; fileRef = D9D739FD292F6A950054D3BE /* ExploreView.swift */; };
		D9D73A00292F6AC00054D3BE /* ProfileView.swift in Sources */ = {isa = PBXBuildFile; fileRef = D9D739FF292F6AC00054D3BE /* ProfileView.swift */; };
		D9D73A02292F6ACC0054D3BE /* NotificationsView.swift in Sources */ = {isa = PBXBuildFile; fileRef = D9D73A01292F6ACC0054D3BE /* NotificationsView.swift */; };
		D9D73A04292F6AD80054D3BE /* MessagesView.swift in Sources */ = {isa = PBXBuildFile; fileRef = D9D73A03292F6AD80054D3BE /* MessagesView.swift */; };
		D9F77A2229328CA6006A1E16 /* AuthenticationHeaderView.swift in Sources */ = {isa = PBXBuildFile; fileRef = D9F77A2129328CA6006A1E16 /* AuthenticationHeaderView.swift */; };
		D9F77A2629329B99006A1E16 /* GoogleService-Info.plist in Resources */ = {isa = PBXBuildFile; fileRef = D9F77A2529329B99006A1E16 /* GoogleService-Info.plist */; };
		D9F77A2929329F83006A1E16 /* FirebaseAuth in Frameworks */ = {isa = PBXBuildFile; productRef = D9F77A2829329F83006A1E16 /* FirebaseAuth */; };
		D9F77A2B29329F83006A1E16 /* FirebaseFirestore in Frameworks */ = {isa = PBXBuildFile; productRef = D9F77A2A29329F83006A1E16 /* FirebaseFirestore */; };
		D9F77A2D29329F83006A1E16 /* FirebaseFirestoreSwift in Frameworks */ = {isa = PBXBuildFile; productRef = D9F77A2C29329F83006A1E16 /* FirebaseFirestoreSwift */; };
		D9F77A2F29329F83006A1E16 /* FirebaseStorage in Frameworks */ = {isa = PBXBuildFile; productRef = D9F77A2E29329F83006A1E16 /* FirebaseStorage */; };
		D9F77A312932A46F006A1E16 /* AuthViewModel.swift in Sources */ = {isa = PBXBuildFile; fileRef = D9F77A302932A46F006A1E16 /* AuthViewModel.swift */; };
		D9FC2068293221C40041FB7C /* NewTweetView.swift in Sources */ = {isa = PBXBuildFile; fileRef = D9FC2067293221C40041FB7C /* NewTweetView.swift */; };
		D9FC206A293223790041FB7C /* TextArea.swift in Sources */ = {isa = PBXBuildFile; fileRef = D9FC2069293223790041FB7C /* TextArea.swift */; };
/* End PBXBuildFile section */

/* Begin PBXFileReference section */
		D91E1A1E29324954009D214E /* LoginView.swift */ = {isa = PBXFileReference; lastKnownFileType = sourcecode.swift; path = LoginView.swift; sourceTree = "<group>"; };
		D91E1A2029324960009D214E /* RegistrationView.swift */ = {isa = PBXFileReference; lastKnownFileType = sourcecode.swift; path = RegistrationView.swift; sourceTree = "<group>"; };
		D91E1A2229324C97009D214E /* RoundedShape.swift */ = {isa = PBXFileReference; lastKnownFileType = sourcecode.swift; path = RoundedShape.swift; sourceTree = "<group>"; };
		D91E1A24293267B9009D214E /* CustomInputField.swift */ = {isa = PBXFileReference; lastKnownFileType = sourcecode.swift; path = CustomInputField.swift; sourceTree = "<group>"; };
		D92E5FC02933BB6700ADF279 /* ProfilePhotoSelectorView.swift */ = {isa = PBXFileReference; lastKnownFileType = sourcecode.swift; path = ProfilePhotoSelectorView.swift; sourceTree = "<group>"; };
		D92E5FC32933D36700ADF279 /* ImagePicker.swift */ = {isa = PBXFileReference; lastKnownFileType = sourcecode.swift; path = ImagePicker.swift; sourceTree = "<group>"; };
		D93B94EA292C06EA00E14AEE /* Hugo's Twitter.app */ = {isa = PBXFileReference; explicitFileType = wrapper.application; includeInIndex = 0; path = "Hugo's Twitter.app"; sourceTree = BUILT_PRODUCTS_DIR; };
		D93B94ED292C06EA00E14AEE /* Hugo_s_TwitterApp.swift */ = {isa = PBXFileReference; lastKnownFileType = sourcecode.swift; path = Hugo_s_TwitterApp.swift; sourceTree = "<group>"; };
		D93B94EF292C06EA00E14AEE /* ContentView.swift */ = {isa = PBXFileReference; lastKnownFileType = sourcecode.swift; path = ContentView.swift; sourceTree = "<group>"; };
		D93B94F1292C06EA00E14AEE /* Assets.xcassets */ = {isa = PBXFileReference; lastKnownFileType = folder.assetcatalog; path = Assets.xcassets; sourceTree = "<group>"; };
		D93B94F4292C06EA00E14AEE /* Preview Assets.xcassets */ = {isa = PBXFileReference; lastKnownFileType = folder.assetcatalog; path = "Preview Assets.xcassets"; sourceTree = "<group>"; };
		D93B9504292C095900E14AEE /* FeedView.swift */ = {isa = PBXFileReference; lastKnownFileType = sourcecode.swift; path = FeedView.swift; sourceTree = "<group>"; };
		D93B9507292C0CED00E14AEE /* TweetRowView.swift */ = {isa = PBXFileReference; lastKnownFileType = sourcecode.swift; path = TweetRowView.swift; sourceTree = "<group>"; };
		D989886529317E5B009A23FB /* TweetFilterViewModel.swift */ = {isa = PBXFileReference; lastKnownFileType = sourcecode.swift; path = TweetFilterViewModel.swift; sourceTree = "<group>"; };
		D989886C29318DFF009A23FB /* UserRowView.swift */ = {isa = PBXFileReference; lastKnownFileType = sourcecode.swift; path = UserRowView.swift; sourceTree = "<group>"; };
		D98988712931937C009A23FB /* SideMenuView.swift */ = {isa = PBXFileReference; lastKnownFileType = sourcecode.swift; path = SideMenuView.swift; sourceTree = "<group>"; };
		D989887329319389009A23FB /* SideMenuRowView.swift */ = {isa = PBXFileReference; lastKnownFileType = sourcecode.swift; path = SideMenuRowView.swift; sourceTree = "<group>"; };
		D9898875293193B6009A23FB /* SideMenuViewModel.swift */ = {isa = PBXFileReference; lastKnownFileType = sourcecode.swift; path = SideMenuViewModel.swift; sourceTree = "<group>"; };
		D9898878293196E5009A23FB /* UserStatsView.swift */ = {isa = PBXFileReference; lastKnownFileType = sourcecode.swift; path = UserStatsView.swift; sourceTree = "<group>"; };
		D989887A2931A0CE009A23FB /* SideMenuOptionRowView.swift */ = {isa = PBXFileReference; lastKnownFileType = sourcecode.swift; path = SideMenuOptionRowView.swift; sourceTree = "<group>"; };
		D9D739F7292F667B0054D3BE /* MainTabView.swift */ = {isa = PBXFileReference; lastKnownFileType = sourcecode.swift; path = MainTabView.swift; sourceTree = "<group>"; };
		D9D739FD292F6A950054D3BE /* ExploreView.swift */ = {isa = PBXFileReference; lastKnownFileType = sourcecode.swift; path = ExploreView.swift; sourceTree = "<group>"; };
		D9D739FF292F6AC00054D3BE /* ProfileView.swift */ = {isa = PBXFileReference; lastKnownFileType = sourcecode.swift; path = ProfileView.swift; sourceTree = "<group>"; };
		D9D73A01292F6ACC0054D3BE /* NotificationsView.swift */ = {isa = PBXFileReference; lastKnownFileType = sourcecode.swift; path = NotificationsView.swift; sourceTree = "<group>"; };
		D9D73A03292F6AD80054D3BE /* MessagesView.swift */ = {isa = PBXFileReference; lastKnownFileType = sourcecode.swift; path = MessagesView.swift; sourceTree = "<group>"; };
		D9F77A2129328CA6006A1E16 /* AuthenticationHeaderView.swift */ = {isa = PBXFileReference; lastKnownFileType = sourcecode.swift; path = AuthenticationHeaderView.swift; sourceTree = "<group>"; };
		D9F77A2529329B99006A1E16 /* GoogleService-Info.plist */ = {isa = PBXFileReference; fileEncoding = 4; lastKnownFileType = text.plist.xml; path = "GoogleService-Info.plist"; sourceTree = "<group>"; };
		D9F77A302932A46F006A1E16 /* AuthViewModel.swift */ = {isa = PBXFileReference; lastKnownFileType = sourcecode.swift; path = AuthViewModel.swift; sourceTree = "<group>"; };
		D9FC2067293221C40041FB7C /* NewTweetView.swift */ = {isa = PBXFileReference; lastKnownFileType = sourcecode.swift; path = NewTweetView.swift; sourceTree = "<group>"; };
		D9FC2069293223790041FB7C /* TextArea.swift */ = {isa = PBXFileReference; lastKnownFileType = sourcecode.swift; path = TextArea.swift; sourceTree = "<group>"; };
/* End PBXFileReference section */

/* Begin PBXFrameworksBuildPhase section */
		D93B94E7292C06EA00E14AEE /* Frameworks */ = {
			isa = PBXFrameworksBuildPhase;
			buildActionMask = 2147483647;
			files = (
				D9F77A2929329F83006A1E16 /* FirebaseAuth in Frameworks */,
				D9F77A2F29329F83006A1E16 /* FirebaseStorage in Frameworks */,
				D9F77A2B29329F83006A1E16 /* FirebaseFirestore in Frameworks */,
				D9F77A2D29329F83006A1E16 /* FirebaseFirestoreSwift in Frameworks */,
			);
			runOnlyForDeploymentPostprocessing = 0;
		};
/* End PBXFrameworksBuildPhase section */

/* Begin PBXGroup section */
		D91E1A1B2932490F009D214E /* Authentication */ = {
			isa = PBXGroup;
			children = (
				D91E1A1D2932493F009D214E /* ViewModel */,
				D91E1A1C29324939009D214E /* Views */,
			);
			path = Authentication;
			sourceTree = "<group>";
		};
		D91E1A1C29324939009D214E /* Views */ = {
			isa = PBXGroup;
			children = (
				D91E1A1E29324954009D214E /* LoginView.swift */,
				D91E1A2029324960009D214E /* RegistrationView.swift */,
				D92E5FC02933BB6700ADF279 /* ProfilePhotoSelectorView.swift */,
			);
			path = Views;
			sourceTree = "<group>";
		};
		D91E1A1D2932493F009D214E /* ViewModel */ = {
			isa = PBXGroup;
			children = (
				D9F77A302932A46F006A1E16 /* AuthViewModel.swift */,
			);
			path = ViewModel;
			sourceTree = "<group>";
		};
		D92E5FC22933D34900ADF279 /* Utils */ = {
			isa = PBXGroup;
			children = (
				D92E5FC32933D36700ADF279 /* ImagePicker.swift */,
			);
			path = Utils;
			sourceTree = "<group>";
		};
		D93B94E1292C06EA00E14AEE = {
			isa = PBXGroup;
			children = (
				D93B94EC292C06EA00E14AEE /* Hugo's Twitter */,
				D93B94EB292C06EA00E14AEE /* Products */,
			);
			sourceTree = "<group>";
		};
		D93B94EB292C06EA00E14AEE /* Products */ = {
			isa = PBXGroup;
			children = (
				D93B94EA292C06EA00E14AEE /* Hugo's Twitter.app */,
			);
			name = Products;
			sourceTree = "<group>";
		};
		D93B94EC292C06EA00E14AEE /* Hugo's Twitter */ = {
			isa = PBXGroup;
			children = (
				D92E5FC22933D34900ADF279 /* Utils */,
				D93B94FF292C07E400E14AEE /* Extensions */,
				D93B94FE292C07DF00E14AEE /* Model */,
				D93B94FC292C07CF00E14AEE /* Service */,
				D93B94FB292C07C900E14AEE /* Core */,
				D93B94ED292C06EA00E14AEE /* Hugo_s_TwitterApp.swift */,
				D93B94EF292C06EA00E14AEE /* ContentView.swift */,
				D93B94F1292C06EA00E14AEE /* Assets.xcassets */,
				D9F77A2529329B99006A1E16 /* GoogleService-Info.plist */,
				D93B94F3292C06EA00E14AEE /* Preview Content */,
			);
			path = "Hugo's Twitter";
			sourceTree = "<group>";
		};
		D93B94F3292C06EA00E14AEE /* Preview Content */ = {
			isa = PBXGroup;
			children = (
				D93B94F4292C06EA00E14AEE /* Preview Assets.xcassets */,
			);
			path = "Preview Content";
			sourceTree = "<group>";
		};
		D93B94FB292C07C900E14AEE /* Core */ = {
			isa = PBXGroup;
			children = (
				D91E1A1B2932490F009D214E /* Authentication */,
				D9FC20642932219B0041FB7C /* UploadTweet */,
				D989886E29319343009A23FB /* SideMenu */,
				D93B9501292C084E00E14AEE /* Components */,
				D9D739FA292F69F90054D3BE /* Notifications */,
				D9D739FC292F6A530054D3BE /* Profile */,
				D9D739F9292F69F70054D3BE /* Explore */,
				D9D739FB292F69FC0054D3BE /* Messages */,
				D9D739F6292F66480054D3BE /* MainTab */,
				D93B9500292C084300E14AEE /* Feed */,
			);
			path = Core;
			sourceTree = "<group>";
		};
		D93B94FC292C07CF00E14AEE /* Service */ = {
			isa = PBXGroup;
			children = (
			);
			path = Service;
			sourceTree = "<group>";
		};
		D93B94FE292C07DF00E14AEE /* Model */ = {
			isa = PBXGroup;
			children = (
			);
			path = Model;
			sourceTree = "<group>";
		};
		D93B94FF292C07E400E14AEE /* Extensions */ = {
			isa = PBXGroup;
			children = (
			);
			path = Extensions;
			sourceTree = "<group>";
		};
		D93B9500292C084300E14AEE /* Feed */ = {
			isa = PBXGroup;
			children = (
				D93B9502292C092100E14AEE /* ViewModels */,
				D93B9503292C093500E14AEE /* View */,
			);
			path = Feed;
			sourceTree = "<group>";
		};
		D93B9501292C084E00E14AEE /* Components */ = {
			isa = PBXGroup;
			children = (
				D9F77A2029328C73006A1E16 /* Authentication */,
				D989886929318DC6009A23FB /* Users */,
				D93B9506292C0CBE00E14AEE /* Tweets */,
				D9FC2069293223790041FB7C /* TextArea.swift */,
				D91E1A2229324C97009D214E /* RoundedShape.swift */,
				D91E1A24293267B9009D214E /* CustomInputField.swift */,
			);
			path = Components;
			sourceTree = "<group>";
		};
		D93B9502292C092100E14AEE /* ViewModels */ = {
			isa = PBXGroup;
			children = (
			);
			path = ViewModels;
			sourceTree = "<group>";
		};
		D93B9503292C093500E14AEE /* View */ = {
			isa = PBXGroup;
			children = (
				D93B9504292C095900E14AEE /* FeedView.swift */,
			);
			path = View;
			sourceTree = "<group>";
		};
		D93B9506292C0CBE00E14AEE /* Tweets */ = {
			isa = PBXGroup;
			children = (
				D93B9507292C0CED00E14AEE /* TweetRowView.swift */,
			);
			path = Tweets;
			sourceTree = "<group>";
		};
		D989886729318CF4009A23FB /* Views */ = {
			isa = PBXGroup;
			children = (
				D9D739FD292F6A950054D3BE /* ExploreView.swift */,
			);
			path = Views;
			sourceTree = "<group>";
		};
		D989886829318CFA009A23FB /* ViewModels */ = {
			isa = PBXGroup;
			children = (
			);
			path = ViewModels;
			sourceTree = "<group>";
		};
		D989886929318DC6009A23FB /* Users */ = {
			isa = PBXGroup;
			children = (
				D989886C29318DFF009A23FB /* UserRowView.swift */,
				D9898878293196E5009A23FB /* UserStatsView.swift */,
			);
			path = Users;
			sourceTree = "<group>";
		};
		D989886E29319343009A23FB /* SideMenu */ = {
			isa = PBXGroup;
			children = (
				D989886F2931934D009A23FB /* ViewModel */,
				D989887029319355009A23FB /* Views */,
			);
			path = SideMenu;
			sourceTree = "<group>";
		};
		D989886F2931934D009A23FB /* ViewModel */ = {
			isa = PBXGroup;
			children = (
				D9898875293193B6009A23FB /* SideMenuViewModel.swift */,
			);
			path = ViewModel;
			sourceTree = "<group>";
		};
		D989887029319355009A23FB /* Views */ = {
			isa = PBXGroup;
			children = (
				D98988712931937C009A23FB /* SideMenuView.swift */,
				D989887329319389009A23FB /* SideMenuRowView.swift */,
				D989887A2931A0CE009A23FB /* SideMenuOptionRowView.swift */,
			);
			path = Views;
			sourceTree = "<group>";
		};
		D9B612052930C1A100F251A9 /* Views */ = {
			isa = PBXGroup;
			children = (
				D9D739FF292F6AC00054D3BE /* ProfileView.swift */,
			);
			path = Views;
			sourceTree = "<group>";
		};
		D9B612062930C1AB00F251A9 /* ViewModels */ = {
			isa = PBXGroup;
			children = (
				D989886529317E5B009A23FB /* TweetFilterViewModel.swift */,
			);
			path = ViewModels;
			sourceTree = "<group>";
		};
		D9D739F6292F66480054D3BE /* MainTab */ = {
			isa = PBXGroup;
			children = (
				D9D739F7292F667B0054D3BE /* MainTabView.swift */,
			);
			path = MainTab;
			sourceTree = "<group>";
		};
		D9D739F9292F69F70054D3BE /* Explore */ = {
			isa = PBXGroup;
			children = (
				D989886829318CFA009A23FB /* ViewModels */,
				D989886729318CF4009A23FB /* Views */,
			);
			path = Explore;
			sourceTree = "<group>";
		};
		D9D739FA292F69F90054D3BE /* Notifications */ = {
			isa = PBXGroup;
			children = (
				D9D73A01292F6ACC0054D3BE /* NotificationsView.swift */,
			);
			path = Notifications;
			sourceTree = "<group>";
		};
		D9D739FB292F69FC0054D3BE /* Messages */ = {
			isa = PBXGroup;
			children = (
				D9D73A03292F6AD80054D3BE /* MessagesView.swift */,
			);
			path = Messages;
			sourceTree = "<group>";
		};
		D9D739FC292F6A530054D3BE /* Profile */ = {
			isa = PBXGroup;
			children = (
				D9B612062930C1AB00F251A9 /* ViewModels */,
				D9B612052930C1A100F251A9 /* Views */,
			);
			path = Profile;
			sourceTree = "<group>";
		};
		D9F77A2029328C73006A1E16 /* Authentication */ = {
			isa = PBXGroup;
			children = (
				D9F77A2129328CA6006A1E16 /* AuthenticationHeaderView.swift */,
			);
			path = Authentication;
			sourceTree = "<group>";
		};
		D9FC20642932219B0041FB7C /* UploadTweet */ = {
			isa = PBXGroup;
			children = (
				D9FC2066293221B30041FB7C /* ViewModel */,
				D9FC2065293221AB0041FB7C /* Views */,
			);
			path = UploadTweet;
			sourceTree = "<group>";
		};
		D9FC2065293221AB0041FB7C /* Views */ = {
			isa = PBXGroup;
			children = (
				D9FC2067293221C40041FB7C /* NewTweetView.swift */,
			);
			path = Views;
			sourceTree = "<group>";
		};
		D9FC2066293221B30041FB7C /* ViewModel */ = {
			isa = PBXGroup;
			children = (
			);
			path = ViewModel;
			sourceTree = "<group>";
		};
/* End PBXGroup section */

/* Begin PBXNativeTarget section */
		D93B94E9292C06EA00E14AEE /* Hugo's Twitter */ = {
			isa = PBXNativeTarget;
			buildConfigurationList = D93B94F8292C06EA00E14AEE /* Build configuration list for PBXNativeTarget "Hugo's Twitter" */;
			buildPhases = (
				D93B94E6292C06EA00E14AEE /* Sources */,
				D93B94E7292C06EA00E14AEE /* Frameworks */,
				D93B94E8292C06EA00E14AEE /* Resources */,
			);
			buildRules = (
			);
			dependencies = (
			);
			name = "Hugo's Twitter";
			packageProductDependencies = (
				D9F77A2829329F83006A1E16 /* FirebaseAuth */,
				D9F77A2A29329F83006A1E16 /* FirebaseFirestore */,
				D9F77A2C29329F83006A1E16 /* FirebaseFirestoreSwift */,
				D9F77A2E29329F83006A1E16 /* FirebaseStorage */,
			);
			productName = "Hugo's Twitter";
			productReference = D93B94EA292C06EA00E14AEE /* Hugo's Twitter.app */;
			productType = "com.apple.product-type.application";
		};
/* End PBXNativeTarget section */

/* Begin PBXProject section */
		D93B94E2292C06EA00E14AEE /* Project object */ = {
			isa = PBXProject;
			attributes = {
				BuildIndependentTargetsInParallel = 1;
				LastSwiftUpdateCheck = 1410;
				LastUpgradeCheck = 1410;
				TargetAttributes = {
					D93B94E9292C06EA00E14AEE = {
						CreatedOnToolsVersion = 14.1;
					};
				};
			};
			buildConfigurationList = D93B94E5292C06EA00E14AEE /* Build configuration list for PBXProject "Hugo's Twitter" */;
			compatibilityVersion = "Xcode 14.0";
			developmentRegion = en;
			hasScannedForEncodings = 0;
			knownRegions = (
				en,
				Base,
			);
			mainGroup = D93B94E1292C06EA00E14AEE;
			packageReferences = (
				D9F77A2729329F83006A1E16 /* XCRemoteSwiftPackageReference "firebase-ios-sdk" */,
			);
			productRefGroup = D93B94EB292C06EA00E14AEE /* Products */;
			projectDirPath = "";
			projectRoot = "";
			targets = (
				D93B94E9292C06EA00E14AEE /* Hugo's Twitter */,
			);
		};
/* End PBXProject section */

/* Begin PBXResourcesBuildPhase section */
		D93B94E8292C06EA00E14AEE /* Resources */ = {
			isa = PBXResourcesBuildPhase;
			buildActionMask = 2147483647;
			files = (
				D93B94F5292C06EA00E14AEE /* Preview Assets.xcassets in Resources */,
				D93B94F2292C06EA00E14AEE /* Assets.xcassets in Resources */,
				D9F77A2629329B99006A1E16 /* GoogleService-Info.plist in Resources */,
			);
			runOnlyForDeploymentPostprocessing = 0;
		};
/* End PBXResourcesBuildPhase section */

/* Begin PBXSourcesBuildPhase section */
		D93B94E6292C06EA00E14AEE /* Sources */ = {
			isa = PBXSourcesBuildPhase;
			buildActionMask = 2147483647;
			files = (
				D93B94F0292C06EA00E14AEE /* ContentView.swift in Sources */,
				D93B9508292C0CED00E14AEE /* TweetRowView.swift in Sources */,
				D9D73A04292F6AD80054D3BE /* MessagesView.swift in Sources */,
				D989887429319389009A23FB /* SideMenuRowView.swift in Sources */,
				D93B9505292C095900E14AEE /* FeedView.swift in Sources */,
				D989886629317E5B009A23FB /* TweetFilterViewModel.swift in Sources */,
				D91E1A25293267B9009D214E /* CustomInputField.swift in Sources */,
				D93B94EE292C06EA00E14AEE /* Hugo_s_TwitterApp.swift in Sources */,
				D9F77A2229328CA6006A1E16 /* AuthenticationHeaderView.swift in Sources */,
				D9FC206A293223790041FB7C /* TextArea.swift in Sources */,
				D98988722931937D009A23FB /* SideMenuView.swift in Sources */,
				D9D739FE292F6A950054D3BE /* ExploreView.swift in Sources */,
				D9FC2068293221C40041FB7C /* NewTweetView.swift in Sources */,
				D92E5FC42933D36700ADF279 /* ImagePicker.swift in Sources */,
				D9D73A00292F6AC00054D3BE /* ProfileView.swift in Sources */,
				D92E5FC12933BB6700ADF279 /* ProfilePhotoSelectorView.swift in Sources */,
				D9898876293193B6009A23FB /* SideMenuViewModel.swift in Sources */,
				D989886D29318DFF009A23FB /* UserRowView.swift in Sources */,
				D91E1A2329324C97009D214E /* RoundedShape.swift in Sources */,
				D989887B2931A0CE009A23FB /* SideMenuOptionRowView.swift in Sources */,
				D9D739F8292F667B0054D3BE /* MainTabView.swift in Sources */,
				D91E1A1F29324954009D214E /* LoginView.swift in Sources */,
				D9F77A312932A46F006A1E16 /* AuthViewModel.swift in Sources */,
				D9D73A02292F6ACC0054D3BE /* NotificationsView.swift in Sources */,
				D9898879293196E5009A23FB /* UserStatsView.swift in Sources */,
				D91E1A2129324960009D214E /* RegistrationView.swift in Sources */,
			);
			runOnlyForDeploymentPostprocessing = 0;
		};
/* End PBXSourcesBuildPhase section */

/* Begin XCBuildConfiguration section */
		D93B94F6292C06EA00E14AEE /* Debug */ = {
			isa = XCBuildConfiguration;
			buildSettings = {
				ALWAYS_SEARCH_USER_PATHS = NO;
				CLANG_ANALYZER_NONNULL = YES;
				CLANG_ANALYZER_NUMBER_OBJECT_CONVERSION = YES_AGGRESSIVE;
				CLANG_CXX_LANGUAGE_STANDARD = "gnu++20";
				CLANG_ENABLE_MODULES = YES;
				CLANG_ENABLE_OBJC_ARC = YES;
				CLANG_ENABLE_OBJC_WEAK = YES;
				CLANG_WARN_BLOCK_CAPTURE_AUTORELEASING = YES;
				CLANG_WARN_BOOL_CONVERSION = YES;
				CLANG_WARN_COMMA = YES;
				CLANG_WARN_CONSTANT_CONVERSION = YES;
				CLANG_WARN_DEPRECATED_OBJC_IMPLEMENTATIONS = YES;
				CLANG_WARN_DIRECT_OBJC_ISA_USAGE = YES_ERROR;
				CLANG_WARN_DOCUMENTATION_COMMENTS = YES;
				CLANG_WARN_EMPTY_BODY = YES;
				CLANG_WARN_ENUM_CONVERSION = YES;
				CLANG_WARN_INFINITE_RECURSION = YES;
				CLANG_WARN_INT_CONVERSION = YES;
				CLANG_WARN_NON_LITERAL_NULL_CONVERSION = YES;
				CLANG_WARN_OBJC_IMPLICIT_RETAIN_SELF = YES;
				CLANG_WARN_OBJC_LITERAL_CONVERSION = YES;
				CLANG_WARN_OBJC_ROOT_CLASS = YES_ERROR;
				CLANG_WARN_QUOTED_INCLUDE_IN_FRAMEWORK_HEADER = YES;
				CLANG_WARN_RANGE_LOOP_ANALYSIS = YES;
				CLANG_WARN_STRICT_PROTOTYPES = YES;
				CLANG_WARN_SUSPICIOUS_MOVE = YES;
				CLANG_WARN_UNGUARDED_AVAILABILITY = YES_AGGRESSIVE;
				CLANG_WARN_UNREACHABLE_CODE = YES;
				CLANG_WARN__DUPLICATE_METHOD_MATCH = YES;
				COPY_PHASE_STRIP = NO;
				DEBUG_INFORMATION_FORMAT = dwarf;
				ENABLE_STRICT_OBJC_MSGSEND = YES;
				ENABLE_TESTABILITY = YES;
				GCC_C_LANGUAGE_STANDARD = gnu11;
				GCC_DYNAMIC_NO_PIC = NO;
				GCC_NO_COMMON_BLOCKS = YES;
				GCC_OPTIMIZATION_LEVEL = 0;
				GCC_PREPROCESSOR_DEFINITIONS = (
					"DEBUG=1",
					"$(inherited)",
				);
				GCC_WARN_64_TO_32_BIT_CONVERSION = YES;
				GCC_WARN_ABOUT_RETURN_TYPE = YES_ERROR;
				GCC_WARN_UNDECLARED_SELECTOR = YES;
				GCC_WARN_UNINITIALIZED_AUTOS = YES_AGGRESSIVE;
				GCC_WARN_UNUSED_FUNCTION = YES;
				GCC_WARN_UNUSED_VARIABLE = YES;
				IPHONEOS_DEPLOYMENT_TARGET = 16.1;
				MTL_ENABLE_DEBUG_INFO = INCLUDE_SOURCE;
				MTL_FAST_MATH = YES;
				ONLY_ACTIVE_ARCH = YES;
				SDKROOT = iphoneos;
				SWIFT_ACTIVE_COMPILATION_CONDITIONS = DEBUG;
				SWIFT_OPTIMIZATION_LEVEL = "-Onone";
			};
			name = Debug;
		};
		D93B94F7292C06EA00E14AEE /* Release */ = {
			isa = XCBuildConfiguration;
			buildSettings = {
				ALWAYS_SEARCH_USER_PATHS = NO;
				CLANG_ANALYZER_NONNULL = YES;
				CLANG_ANALYZER_NUMBER_OBJECT_CONVERSION = YES_AGGRESSIVE;
				CLANG_CXX_LANGUAGE_STANDARD = "gnu++20";
				CLANG_ENABLE_MODULES = YES;
				CLANG_ENABLE_OBJC_ARC = YES;
				CLANG_ENABLE_OBJC_WEAK = YES;
				CLANG_WARN_BLOCK_CAPTURE_AUTORELEASING = YES;
				CLANG_WARN_BOOL_CONVERSION = YES;
				CLANG_WARN_COMMA = YES;
				CLANG_WARN_CONSTANT_CONVERSION = YES;
				CLANG_WARN_DEPRECATED_OBJC_IMPLEMENTATIONS = YES;
				CLANG_WARN_DIRECT_OBJC_ISA_USAGE = YES_ERROR;
				CLANG_WARN_DOCUMENTATION_COMMENTS = YES;
				CLANG_WARN_EMPTY_BODY = YES;
				CLANG_WARN_ENUM_CONVERSION = YES;
				CLANG_WARN_INFINITE_RECURSION = YES;
				CLANG_WARN_INT_CONVERSION = YES;
				CLANG_WARN_NON_LITERAL_NULL_CONVERSION = YES;
				CLANG_WARN_OBJC_IMPLICIT_RETAIN_SELF = YES;
				CLANG_WARN_OBJC_LITERAL_CONVERSION = YES;
				CLANG_WARN_OBJC_ROOT_CLASS = YES_ERROR;
				CLANG_WARN_QUOTED_INCLUDE_IN_FRAMEWORK_HEADER = YES;
				CLANG_WARN_RANGE_LOOP_ANALYSIS = YES;
				CLANG_WARN_STRICT_PROTOTYPES = YES;
				CLANG_WARN_SUSPICIOUS_MOVE = YES;
				CLANG_WARN_UNGUARDED_AVAILABILITY = YES_AGGRESSIVE;
				CLANG_WARN_UNREACHABLE_CODE = YES;
				CLANG_WARN__DUPLICATE_METHOD_MATCH = YES;
				COPY_PHASE_STRIP = NO;
				DEBUG_INFORMATION_FORMAT = "dwarf-with-dsym";
				ENABLE_NS_ASSERTIONS = NO;
				ENABLE_STRICT_OBJC_MSGSEND = YES;
				GCC_C_LANGUAGE_STANDARD = gnu11;
				GCC_NO_COMMON_BLOCKS = YES;
				GCC_WARN_64_TO_32_BIT_CONVERSION = YES;
				GCC_WARN_ABOUT_RETURN_TYPE = YES_ERROR;
				GCC_WARN_UNDECLARED_SELECTOR = YES;
				GCC_WARN_UNINITIALIZED_AUTOS = YES_AGGRESSIVE;
				GCC_WARN_UNUSED_FUNCTION = YES;
				GCC_WARN_UNUSED_VARIABLE = YES;
				IPHONEOS_DEPLOYMENT_TARGET = 16.1;
				MTL_ENABLE_DEBUG_INFO = NO;
				MTL_FAST_MATH = YES;
				SDKROOT = iphoneos;
				SWIFT_COMPILATION_MODE = wholemodule;
				SWIFT_OPTIMIZATION_LEVEL = "-O";
				VALIDATE_PRODUCT = YES;
			};
			name = Release;
		};
		D93B94F9292C06EA00E14AEE /* Debug */ = {
			isa = XCBuildConfiguration;
			buildSettings = {
				ASSETCATALOG_COMPILER_APPICON_NAME = AppIcon;
				ASSETCATALOG_COMPILER_GLOBAL_ACCENT_COLOR_NAME = AccentColor;
				CODE_SIGN_STYLE = Automatic;
				CURRENT_PROJECT_VERSION = 1;
				DEVELOPMENT_ASSET_PATHS = "\"Hugo's Twitter/Preview Content\"";
				DEVELOPMENT_TEAM = JKNGV2KZJ7;
				ENABLE_PREVIEWS = YES;
				GENERATE_INFOPLIST_FILE = YES;
				INFOPLIST_KEY_UIApplicationSceneManifest_Generation = YES;
				INFOPLIST_KEY_UIApplicationSupportsIndirectInputEvents = YES;
				INFOPLIST_KEY_UILaunchScreen_Generation = YES;
				INFOPLIST_KEY_UISupportedInterfaceOrientations_iPad = "UIInterfaceOrientationPortrait UIInterfaceOrientationPortraitUpsideDown UIInterfaceOrientationLandscapeLeft UIInterfaceOrientationLandscapeRight";
				INFOPLIST_KEY_UISupportedInterfaceOrientations_iPhone = "UIInterfaceOrientationPortrait UIInterfaceOrientationLandscapeLeft UIInterfaceOrientationLandscapeRight";
				LD_RUNPATH_SEARCH_PATHS = (
					"$(inherited)",
					"@executable_path/Frameworks",
				);
				MARKETING_VERSION = 1.0;
				PRODUCT_BUNDLE_IDENTIFIER = "com.hugonocap.Hugo-s-Twitter";
				PRODUCT_NAME = "$(TARGET_NAME)";
				SWIFT_EMIT_LOC_STRINGS = YES;
				SWIFT_VERSION = 5.0;
				TARGETED_DEVICE_FAMILY = "1,2";
			};
			name = Debug;
		};
		D93B94FA292C06EA00E14AEE /* Release */ = {
			isa = XCBuildConfiguration;
			buildSettings = {
				ASSETCATALOG_COMPILER_APPICON_NAME = AppIcon;
				ASSETCATALOG_COMPILER_GLOBAL_ACCENT_COLOR_NAME = AccentColor;
				CODE_SIGN_STYLE = Automatic;
				CURRENT_PROJECT_VERSION = 1;
				DEVELOPMENT_ASSET_PATHS = "\"Hugo's Twitter/Preview Content\"";
				DEVELOPMENT_TEAM = JKNGV2KZJ7;
				ENABLE_PREVIEWS = YES;
				GENERATE_INFOPLIST_FILE = YES;
				INFOPLIST_KEY_UIApplicationSceneManifest_Generation = YES;
				INFOPLIST_KEY_UIApplicationSupportsIndirectInputEvents = YES;
				INFOPLIST_KEY_UILaunchScreen_Generation = YES;
				INFOPLIST_KEY_UISupportedInterfaceOrientations_iPad = "UIInterfaceOrientationPortrait UIInterfaceOrientationPortraitUpsideDown UIInterfaceOrientationLandscapeLeft UIInterfaceOrientationLandscapeRight";
				INFOPLIST_KEY_UISupportedInterfaceOrientations_iPhone = "UIInterfaceOrientationPortrait UIInterfaceOrientationLandscapeLeft UIInterfaceOrientationLandscapeRight";
				LD_RUNPATH_SEARCH_PATHS = (
					"$(inherited)",
					"@executable_path/Frameworks",
				);
				MARKETING_VERSION = 1.0;
				PRODUCT_BUNDLE_IDENTIFIER = "com.hugonocap.Hugo-s-Twitter";
				PRODUCT_NAME = "$(TARGET_NAME)";
				SWIFT_EMIT_LOC_STRINGS = YES;
				SWIFT_VERSION = 5.0;
				TARGETED_DEVICE_FAMILY = "1,2";
			};
			name = Release;
		};
/* End XCBuildConfiguration section */

/* Begin XCConfigurationList section */
		D93B94E5292C06EA00E14AEE /* Build configuration list for PBXProject "Hugo's Twitter" */ = {
			isa = XCConfigurationList;
			buildConfigurations = (
				D93B94F6292C06EA00E14AEE /* Debug */,
				D93B94F7292C06EA00E14AEE /* Release */,
			);
			defaultConfigurationIsVisible = 0;
			defaultConfigurationName = Release;
		};
		D93B94F8292C06EA00E14AEE /* Build configuration list for PBXNativeTarget "Hugo's Twitter" */ = {
			isa = XCConfigurationList;
			buildConfigurations = (
				D93B94F9292C06EA00E14AEE /* Debug */,
				D93B94FA292C06EA00E14AEE /* Release */,
			);
			defaultConfigurationIsVisible = 0;
			defaultConfigurationName = Release;
		};
/* End XCConfigurationList section */

/* Begin XCRemoteSwiftPackageReference section */
		D9F77A2729329F83006A1E16 /* XCRemoteSwiftPackageReference "firebase-ios-sdk" */ = {
			isa = XCRemoteSwiftPackageReference;
			repositoryURL = "https://github.com/firebase/firebase-ios-sdk";
			requirement = {
				kind = upToNextMajorVersion;
				minimumVersion = 9.0.0;
			};
		};
/* End XCRemoteSwiftPackageReference section */

/* Begin XCSwiftPackageProductDependency section */
		D9F77A2829329F83006A1E16 /* FirebaseAuth */ = {
			isa = XCSwiftPackageProductDependency;
			package = D9F77A2729329F83006A1E16 /* XCRemoteSwiftPackageReference "firebase-ios-sdk" */;
			productName = FirebaseAuth;
		};
		D9F77A2A29329F83006A1E16 /* FirebaseFirestore */ = {
			isa = XCSwiftPackageProductDependency;
			package = D9F77A2729329F83006A1E16 /* XCRemoteSwiftPackageReference "firebase-ios-sdk" */;
			productName = FirebaseFirestore;
		};
		D9F77A2C29329F83006A1E16 /* FirebaseFirestoreSwift */ = {
			isa = XCSwiftPackageProductDependency;
			package = D9F77A2729329F83006A1E16 /* XCRemoteSwiftPackageReference "firebase-ios-sdk" */;
			productName = FirebaseFirestoreSwift;
		};
		D9F77A2E29329F83006A1E16 /* FirebaseStorage */ = {
			isa = XCSwiftPackageProductDependency;
			package = D9F77A2729329F83006A1E16 /* XCRemoteSwiftPackageReference "firebase-ios-sdk" */;
			productName = FirebaseStorage;
		};
/* End XCSwiftPackageProductDependency section */
	};
	rootObject = D93B94E2292C06EA00E14AEE /* Project object */;
}
